// !$*UTF8*$!
{
	archiveVersion = 1;
	classes = {
	};
	objectVersion = 50;
	objects = {

/* Begin PBXBuildFile section */
		1ECA40D123FEF1DA0060839E /* PopOverTableViewDelegate.swift in Sources */ = {isa = PBXBuildFile; fileRef = 1ECA40D023FEF1DA0060839E /* PopOverTableViewDelegate.swift */; };
		6F2A56FA23F5E3C70032EFF9 /* AppDelegate.swift in Sources */ = {isa = PBXBuildFile; fileRef = 6F2A56F923F5E3C70032EFF9 /* AppDelegate.swift */; };
		6F2A56FC23F5E3C70032EFF9 /* art.scnassets in Resources */ = {isa = PBXBuildFile; fileRef = 6F2A56FB23F5E3C70032EFF9 /* art.scnassets */; };
		6F2A56FE23F5E3C70032EFF9 /* ViewController.swift in Sources */ = {isa = PBXBuildFile; fileRef = 6F2A56FD23F5E3C70032EFF9 /* ViewController.swift */; };
		6F2A570123F5E3C70032EFF9 /* Main.storyboard in Resources */ = {isa = PBXBuildFile; fileRef = 6F2A56FF23F5E3C70032EFF9 /* Main.storyboard */; };
		6F2A570323F5E3CD0032EFF9 /* Assets.xcassets in Resources */ = {isa = PBXBuildFile; fileRef = 6F2A570223F5E3CD0032EFF9 /* Assets.xcassets */; };
		6F2A570623F5E3CD0032EFF9 /* LaunchScreen.storyboard in Resources */ = {isa = PBXBuildFile; fileRef = 6F2A570423F5E3CD0032EFF9 /* LaunchScreen.storyboard */; };
		6FD88FE823FB06CB007283F1 /* Coaching.swift in Sources */ = {isa = PBXBuildFile; fileRef = 6FD88FE723FB06CB007283F1 /* Coaching.swift */; };
		6FD88FEA23FB0EBB007283F1 /* TestARSCNView.swift in Sources */ = {isa = PBXBuildFile; fileRef = 6FD88FE923FB0EBB007283F1 /* TestARSCNView.swift */; };
		6FD88FED23FC5A7A007283F1 /* Block_2x2.swift in Sources */ = {isa = PBXBuildFile; fileRef = 6FD88FEC23FC5A7A007283F1 /* Block_2x2.swift */; };
		6FD88FEF23FC707F007283F1 /* Block_2x4.swift in Sources */ = {isa = PBXBuildFile; fileRef = 6FD88FEE23FC707F007283F1 /* Block_2x4.swift */; };
		6FD88FF123FC8260007283F1 /* PopOverTableViewDataSource.swift in Sources */ = {isa = PBXBuildFile; fileRef = 6FD88FF023FC8260007283F1 /* PopOverTableViewDataSource.swift */; };
		6FDB891723FDA0BA0021CA89 /* PopOverTableViewCell.swift in Sources */ = {isa = PBXBuildFile; fileRef = 6FDB891623FDA0BA0021CA89 /* PopOverTableViewCell.swift */; };
		75A99D1E23FF0261001FC00B /* Plane.swift in Sources */ = {isa = PBXBuildFile; fileRef = 75A99D1D23FF0261001FC00B /* Plane.swift */; };
/* End PBXBuildFile section */

/* Begin PBXFileReference section */
		1ECA40D023FEF1DA0060839E /* PopOverTableViewDelegate.swift */ = {isa = PBXFileReference; lastKnownFileType = sourcecode.swift; path = PopOverTableViewDelegate.swift; sourceTree = "<group>"; };
		6F2A56F623F5E3C70032EFF9 /* NajupAR.app */ = {isa = PBXFileReference; explicitFileType = wrapper.application; includeInIndex = 0; path = NajupAR.app; sourceTree = BUILT_PRODUCTS_DIR; };
		6F2A56F923F5E3C70032EFF9 /* AppDelegate.swift */ = {isa = PBXFileReference; lastKnownFileType = sourcecode.swift; path = AppDelegate.swift; sourceTree = "<group>"; };
		6F2A56FB23F5E3C70032EFF9 /* art.scnassets */ = {isa = PBXFileReference; lastKnownFileType = wrapper.scnassets; path = art.scnassets; sourceTree = "<group>"; };
		6F2A56FD23F5E3C70032EFF9 /* ViewController.swift */ = {isa = PBXFileReference; lastKnownFileType = sourcecode.swift; path = ViewController.swift; sourceTree = "<group>"; };
		6F2A570023F5E3C70032EFF9 /* Base */ = {isa = PBXFileReference; lastKnownFileType = file.storyboard; name = Base; path = Base.lproj/Main.storyboard; sourceTree = "<group>"; };
		6F2A570223F5E3CD0032EFF9 /* Assets.xcassets */ = {isa = PBXFileReference; lastKnownFileType = folder.assetcatalog; path = Assets.xcassets; sourceTree = "<group>"; };
		6F2A570523F5E3CD0032EFF9 /* Base */ = {isa = PBXFileReference; lastKnownFileType = file.storyboard; name = Base; path = Base.lproj/LaunchScreen.storyboard; sourceTree = "<group>"; };
		6F2A570723F5E3CD0032EFF9 /* Info.plist */ = {isa = PBXFileReference; lastKnownFileType = text.plist.xml; path = Info.plist; sourceTree = "<group>"; };
		6FD88FE723FB06CB007283F1 /* Coaching.swift */ = {isa = PBXFileReference; lastKnownFileType = sourcecode.swift; path = Coaching.swift; sourceTree = "<group>"; };
		6FD88FE923FB0EBB007283F1 /* TestARSCNView.swift */ = {isa = PBXFileReference; lastKnownFileType = sourcecode.swift; path = TestARSCNView.swift; sourceTree = "<group>"; };
		6FD88FEC23FC5A7A007283F1 /* Block_2x2.swift */ = {isa = PBXFileReference; lastKnownFileType = sourcecode.swift; path = Block_2x2.swift; sourceTree = "<group>"; };
		6FD88FEE23FC707F007283F1 /* Block_2x4.swift */ = {isa = PBXFileReference; lastKnownFileType = sourcecode.swift; path = Block_2x4.swift; sourceTree = "<group>"; };
		6FD88FF023FC8260007283F1 /* PopOverTableViewDataSource.swift */ = {isa = PBXFileReference; lastKnownFileType = sourcecode.swift; path = PopOverTableViewDataSource.swift; sourceTree = "<group>"; };
		6FDB891623FDA0BA0021CA89 /* PopOverTableViewCell.swift */ = {isa = PBXFileReference; lastKnownFileType = sourcecode.swift; path = PopOverTableViewCell.swift; sourceTree = "<group>"; };
		75A99D1D23FF0261001FC00B /* Plane.swift */ = {isa = PBXFileReference; lastKnownFileType = sourcecode.swift; path = Plane.swift; sourceTree = "<group>"; };
/* End PBXFileReference section */

/* Begin PBXFrameworksBuildPhase section */
		6F2A56F323F5E3C70032EFF9 /* Frameworks */ = {
			isa = PBXFrameworksBuildPhase;
			buildActionMask = 2147483647;
			files = (
			);
			runOnlyForDeploymentPostprocessing = 0;
		};
/* End PBXFrameworksBuildPhase section */

/* Begin PBXGroup section */
		6F0FD40F23FDD08B00ADC20B /* Controller */ = {
			isa = PBXGroup;
			children = (
				6F0FD41323FDD13000ADC20B /* Components */,
				6F0FD41523FDD15400ADC20B /* Controllers */,
			);
			path = Controller;
			sourceTree = "<group>";
		};
		6F0FD41023FDD0A200ADC20B /* Helpers */ = {
			isa = PBXGroup;
			children = (
				6FD88FE723FB06CB007283F1 /* Coaching.swift */,
			);
			path = Helpers;
			sourceTree = "<group>";
		};
		6F0FD41123FDD0BC00ADC20B /* View */ = {
			isa = PBXGroup;
			children = (
				6F0FD41223FDD0C200ADC20B /* Storyboard */,
			);
			path = View;
			sourceTree = "<group>";
		};
		6F0FD41223FDD0C200ADC20B /* Storyboard */ = {
			isa = PBXGroup;
			children = (
				6F2A56FF23F5E3C70032EFF9 /* Main.storyboard */,
				6F2A570423F5E3CD0032EFF9 /* LaunchScreen.storyboard */,
			);
			path = Storyboard;
			sourceTree = "<group>";
		};
		6F0FD41323FDD13000ADC20B /* Components */ = {
			isa = PBXGroup;
			children = (
				75A99D1C23FF0229001FC00B /* Grid */,
				6F0FD41423FDD13A00ADC20B /* PopOver */,
			);
			path = Components;
			sourceTree = "<group>";
		};
		6F0FD41423FDD13A00ADC20B /* PopOver */ = {
			isa = PBXGroup;
			children = (
				6FDB891623FDA0BA0021CA89 /* PopOverTableViewCell.swift */,
				6FD88FF023FC8260007283F1 /* PopOverTableViewDataSource.swift */,
				1ECA40D023FEF1DA0060839E /* PopOverTableViewDelegate.swift */,
			);
			path = PopOver;
			sourceTree = "<group>";
		};
		6F0FD41523FDD15400ADC20B /* Controllers */ = {
			isa = PBXGroup;
			children = (
				6F2A56FD23F5E3C70032EFF9 /* ViewController.swift */,
			);
			path = Controllers;
			sourceTree = "<group>";
		};
		6F0FD41623FDD1D000ADC20B /* Scene */ = {
			isa = PBXGroup;
			children = (
				6F0FD41723FDD1DC00ADC20B /* Test */,
			);
			path = Scene;
			sourceTree = "<group>";
		};
		6F0FD41723FDD1DC00ADC20B /* Test */ = {
			isa = PBXGroup;
			children = (
				6FD88FE923FB0EBB007283F1 /* TestARSCNView.swift */,
			);
			path = Test;
			sourceTree = "<group>";
		};
		6F2A56ED23F5E3C70032EFF9 = {
			isa = PBXGroup;
			children = (
				6F2A56F823F5E3C70032EFF9 /* NajupAR */,
				6F2A56F723F5E3C70032EFF9 /* Products */,
			);
			sourceTree = "<group>";
		};
		6F2A56F723F5E3C70032EFF9 /* Products */ = {
			isa = PBXGroup;
			children = (
				6F2A56F623F5E3C70032EFF9 /* NajupAR.app */,
			);
			name = Products;
			sourceTree = "<group>";
		};
		6F2A56F823F5E3C70032EFF9 /* NajupAR */ = {
			isa = PBXGroup;
			children = (
				6F2A56F923F5E3C70032EFF9 /* AppDelegate.swift */,
				6FD88FEB23FC5A62007283F1 /* Models */,
				6F0FD40F23FDD08B00ADC20B /* Controller */,
				6F0FD41023FDD0A200ADC20B /* Helpers */,
				6F0FD41623FDD1D000ADC20B /* Scene */,
				6F0FD41123FDD0BC00ADC20B /* View */,
				6F2A570223F5E3CD0032EFF9 /* Assets.xcassets */,
				6F2A56FB23F5E3C70032EFF9 /* art.scnassets */,
				6F2A570723F5E3CD0032EFF9 /* Info.plist */,
			);
			path = NajupAR;
			sourceTree = "<group>";
		};
		6FD88FEB23FC5A62007283F1 /* Models */ = {
			isa = PBXGroup;
			children = (
				6FD88FEC23FC5A7A007283F1 /* Block_2x2.swift */,
				6FD88FEE23FC707F007283F1 /* Block_2x4.swift */,
			);
			path = Models;
			sourceTree = "<group>";
		};
		75A99D1C23FF0229001FC00B /* Grid */ = {
			isa = PBXGroup;
			children = (
				75A99D1D23FF0261001FC00B /* Plane.swift */,
			);
			path = Grid;
			sourceTree = "<group>";
		};
/* End PBXGroup section */

/* Begin PBXNativeTarget section */
		6F2A56F523F5E3C70032EFF9 /* NajupAR */ = {
			isa = PBXNativeTarget;
			buildConfigurationList = 6F2A570A23F5E3CD0032EFF9 /* Build configuration list for PBXNativeTarget "NajupAR" */;
			buildPhases = (
				6F2A56F223F5E3C70032EFF9 /* Sources */,
				6F2A56F323F5E3C70032EFF9 /* Frameworks */,
				6F2A56F423F5E3C70032EFF9 /* Resources */,
			);
			buildRules = (
			);
			dependencies = (
			);
			name = NajupAR;
			productName = NajupAR;
			productReference = 6F2A56F623F5E3C70032EFF9 /* NajupAR.app */;
			productType = "com.apple.product-type.application";
		};
/* End PBXNativeTarget section */

/* Begin PBXProject section */
		6F2A56EE23F5E3C70032EFF9 /* Project object */ = {
			isa = PBXProject;
			attributes = {
				LastSwiftUpdateCheck = 1130;
				LastUpgradeCheck = 1130;
				ORGANIZATIONNAME = "Nathalia Melare";
				TargetAttributes = {
					6F2A56F523F5E3C70032EFF9 = {
						CreatedOnToolsVersion = 11.3.1;
					};
				};
			};
			buildConfigurationList = 6F2A56F123F5E3C70032EFF9 /* Build configuration list for PBXProject "NajupAR" */;
			compatibilityVersion = "Xcode 9.3";
			developmentRegion = en;
			hasScannedForEncodings = 0;
			knownRegions = (
				en,
				Base,
			);
			mainGroup = 6F2A56ED23F5E3C70032EFF9;
			productRefGroup = 6F2A56F723F5E3C70032EFF9 /* Products */;
			projectDirPath = "";
			projectRoot = "";
			targets = (
				6F2A56F523F5E3C70032EFF9 /* NajupAR */,
			);
		};
/* End PBXProject section */

/* Begin PBXResourcesBuildPhase section */
		6F2A56F423F5E3C70032EFF9 /* Resources */ = {
			isa = PBXResourcesBuildPhase;
			buildActionMask = 2147483647;
			files = (
				6F2A56FC23F5E3C70032EFF9 /* art.scnassets in Resources */,
				6F2A570623F5E3CD0032EFF9 /* LaunchScreen.storyboard in Resources */,
				6F2A570323F5E3CD0032EFF9 /* Assets.xcassets in Resources */,
				6F2A570123F5E3C70032EFF9 /* Main.storyboard in Resources */,
			);
			runOnlyForDeploymentPostprocessing = 0;
		};
/* End PBXResourcesBuildPhase section */

/* Begin PBXSourcesBuildPhase section */
		6F2A56F223F5E3C70032EFF9 /* Sources */ = {
			isa = PBXSourcesBuildPhase;
			buildActionMask = 2147483647;
			files = (
				6FD88FEA23FB0EBB007283F1 /* TestARSCNView.swift in Sources */,
				75A99D1E23FF0261001FC00B /* Plane.swift in Sources */,
				6FD88FE823FB06CB007283F1 /* Coaching.swift in Sources */,
				6FD88FF123FC8260007283F1 /* PopOverTableViewDataSource.swift in Sources */,
				6FDB891723FDA0BA0021CA89 /* PopOverTableViewCell.swift in Sources */,
				6F2A56FE23F5E3C70032EFF9 /* ViewController.swift in Sources */,
				6FD88FED23FC5A7A007283F1 /* Block_2x2.swift in Sources */,
				6FD88FEF23FC707F007283F1 /* Block_2x4.swift in Sources */,
				6F2A56FA23F5E3C70032EFF9 /* AppDelegate.swift in Sources */,
				1ECA40D123FEF1DA0060839E /* PopOverTableViewDelegate.swift in Sources */,
			);
			runOnlyForDeploymentPostprocessing = 0;
		};
/* End PBXSourcesBuildPhase section */

/* Begin PBXVariantGroup section */
		6F2A56FF23F5E3C70032EFF9 /* Main.storyboard */ = {
			isa = PBXVariantGroup;
			children = (
				6F2A570023F5E3C70032EFF9 /* Base */,
			);
			name = Main.storyboard;
			sourceTree = "<group>";
		};
		6F2A570423F5E3CD0032EFF9 /* LaunchScreen.storyboard */ = {
			isa = PBXVariantGroup;
			children = (
				6F2A570523F5E3CD0032EFF9 /* Base */,
			);
			name = LaunchScreen.storyboard;
			sourceTree = "<group>";
		};
/* End PBXVariantGroup section */

/* Begin XCBuildConfiguration section */
		6F2A570823F5E3CD0032EFF9 /* Debug */ = {
			isa = XCBuildConfiguration;
			buildSettings = {
				ALWAYS_SEARCH_USER_PATHS = NO;
				CLANG_ANALYZER_NONNULL = YES;
				CLANG_ANALYZER_NUMBER_OBJECT_CONVERSION = YES_AGGRESSIVE;
				CLANG_CXX_LANGUAGE_STANDARD = "gnu++14";
				CLANG_CXX_LIBRARY = "libc++";
				CLANG_ENABLE_MODULES = YES;
				CLANG_ENABLE_OBJC_ARC = YES;
				CLANG_ENABLE_OBJC_WEAK = YES;
				CLANG_WARN_BLOCK_CAPTURE_AUTORELEASING = YES;
				CLANG_WARN_BOOL_CONVERSION = YES;
				CLANG_WARN_COMMA = YES;
				CLANG_WARN_CONSTANT_CONVERSION = YES;
				CLANG_WARN_DEPRECATED_OBJC_IMPLEMENTATIONS = YES;
				CLANG_WARN_DIRECT_OBJC_ISA_USAGE = YES_ERROR;
				CLANG_WARN_DOCUMENTATION_COMMENTS = YES;
				CLANG_WARN_EMPTY_BODY = YES;
				CLANG_WARN_ENUM_CONVERSION = YES;
				CLANG_WARN_INFINITE_RECURSION = YES;
				CLANG_WARN_INT_CONVERSION = YES;
				CLANG_WARN_NON_LITERAL_NULL_CONVERSION = YES;
				CLANG_WARN_OBJC_IMPLICIT_RETAIN_SELF = YES;
				CLANG_WARN_OBJC_LITERAL_CONVERSION = YES;
				CLANG_WARN_OBJC_ROOT_CLASS = YES_ERROR;
				CLANG_WARN_RANGE_LOOP_ANALYSIS = YES;
				CLANG_WARN_STRICT_PROTOTYPES = YES;
				CLANG_WARN_SUSPICIOUS_MOVE = YES;
				CLANG_WARN_UNGUARDED_AVAILABILITY = YES_AGGRESSIVE;
				CLANG_WARN_UNREACHABLE_CODE = YES;
				CLANG_WARN__DUPLICATE_METHOD_MATCH = YES;
				COPY_PHASE_STRIP = NO;
				DEBUG_INFORMATION_FORMAT = dwarf;
				ENABLE_STRICT_OBJC_MSGSEND = YES;
				ENABLE_TESTABILITY = YES;
				GCC_C_LANGUAGE_STANDARD = gnu11;
				GCC_DYNAMIC_NO_PIC = NO;
				GCC_NO_COMMON_BLOCKS = YES;
				GCC_OPTIMIZATION_LEVEL = 0;
				GCC_PREPROCESSOR_DEFINITIONS = (
					"DEBUG=1",
					"$(inherited)",
				);
				GCC_WARN_64_TO_32_BIT_CONVERSION = YES;
				GCC_WARN_ABOUT_RETURN_TYPE = YES_ERROR;
				GCC_WARN_UNDECLARED_SELECTOR = YES;
				GCC_WARN_UNINITIALIZED_AUTOS = YES_AGGRESSIVE;
				GCC_WARN_UNUSED_FUNCTION = YES;
				GCC_WARN_UNUSED_VARIABLE = YES;
				IPHONEOS_DEPLOYMENT_TARGET = 13.2;
				MTL_ENABLE_DEBUG_INFO = INCLUDE_SOURCE;
				MTL_FAST_MATH = YES;
				ONLY_ACTIVE_ARCH = YES;
				SDKROOT = iphoneos;
				SWIFT_ACTIVE_COMPILATION_CONDITIONS = DEBUG;
				SWIFT_OPTIMIZATION_LEVEL = "-Onone";
			};
			name = Debug;
		};
		6F2A570923F5E3CD0032EFF9 /* Release */ = {
			isa = XCBuildConfiguration;
			buildSettings = {
				ALWAYS_SEARCH_USER_PATHS = NO;
				CLANG_ANALYZER_NONNULL = YES;
				CLANG_ANALYZER_NUMBER_OBJECT_CONVERSION = YES_AGGRESSIVE;
				CLANG_CXX_LANGUAGE_STANDARD = "gnu++14";
				CLANG_CXX_LIBRARY = "libc++";
				CLANG_ENABLE_MODULES = YES;
				CLANG_ENABLE_OBJC_ARC = YES;
				CLANG_ENABLE_OBJC_WEAK = YES;
				CLANG_WARN_BLOCK_CAPTURE_AUTORELEASING = YES;
				CLANG_WARN_BOOL_CONVERSION = YES;
				CLANG_WARN_COMMA = YES;
				CLANG_WARN_CONSTANT_CONVERSION = YES;
				CLANG_WARN_DEPRECATED_OBJC_IMPLEMENTATIONS = YES;
				CLANG_WARN_DIRECT_OBJC_ISA_USAGE = YES_ERROR;
				CLANG_WARN_DOCUMENTATION_COMMENTS = YES;
				CLANG_WARN_EMPTY_BODY = YES;
				CLANG_WARN_ENUM_CONVERSION = YES;
				CLANG_WARN_INFINITE_RECURSION = YES;
				CLANG_WARN_INT_CONVERSION = YES;
				CLANG_WARN_NON_LITERAL_NULL_CONVERSION = YES;
				CLANG_WARN_OBJC_IMPLICIT_RETAIN_SELF = YES;
				CLANG_WARN_OBJC_LITERAL_CONVERSION = YES;
				CLANG_WARN_OBJC_ROOT_CLASS = YES_ERROR;
				CLANG_WARN_RANGE_LOOP_ANALYSIS = YES;
				CLANG_WARN_STRICT_PROTOTYPES = YES;
				CLANG_WARN_SUSPICIOUS_MOVE = YES;
				CLANG_WARN_UNGUARDED_AVAILABILITY = YES_AGGRESSIVE;
				CLANG_WARN_UNREACHABLE_CODE = YES;
				CLANG_WARN__DUPLICATE_METHOD_MATCH = YES;
				COPY_PHASE_STRIP = NO;
				DEBUG_INFORMATION_FORMAT = "dwarf-with-dsym";
				ENABLE_NS_ASSERTIONS = NO;
				ENABLE_STRICT_OBJC_MSGSEND = YES;
				GCC_C_LANGUAGE_STANDARD = gnu11;
				GCC_NO_COMMON_BLOCKS = YES;
				GCC_WARN_64_TO_32_BIT_CONVERSION = YES;
				GCC_WARN_ABOUT_RETURN_TYPE = YES_ERROR;
				GCC_WARN_UNDECLARED_SELECTOR = YES;
				GCC_WARN_UNINITIALIZED_AUTOS = YES_AGGRESSIVE;
				GCC_WARN_UNUSED_FUNCTION = YES;
				GCC_WARN_UNUSED_VARIABLE = YES;
				IPHONEOS_DEPLOYMENT_TARGET = 13.2;
				MTL_ENABLE_DEBUG_INFO = NO;
				MTL_FAST_MATH = YES;
				SDKROOT = iphoneos;
				SWIFT_COMPILATION_MODE = wholemodule;
				SWIFT_OPTIMIZATION_LEVEL = "-O";
				VALIDATE_PRODUCT = YES;
			};
			name = Release;
		};
		6F2A570B23F5E3CD0032EFF9 /* Debug */ = {
			isa = XCBuildConfiguration;
			buildSettings = {
				ASSETCATALOG_COMPILER_APPICON_NAME = AppIcon;
				CODE_SIGN_STYLE = Automatic;
				DEVELOPMENT_TEAM = X54K5PJVGU;
				INFOPLIST_FILE = NajupAR/Info.plist;
				LD_RUNPATH_SEARCH_PATHS = (
					"$(inherited)",
					"@executable_path/Frameworks",
				);
				PRODUCT_BUNDLE_IDENTIFIER = com.nathaliamelare.NajupAR;
				PRODUCT_NAME = "$(TARGET_NAME)";
				SWIFT_VERSION = 5.0;
				TARGETED_DEVICE_FAMILY = "1,2";
			};
			name = Debug;
		};
		6F2A570C23F5E3CD0032EFF9 /* Release */ = {
			isa = XCBuildConfiguration;
			buildSettings = {
				ASSETCATALOG_COMPILER_APPICON_NAME = AppIcon;
				CODE_SIGN_STYLE = Automatic;
				DEVELOPMENT_TEAM = X54K5PJVGU;
				INFOPLIST_FILE = NajupAR/Info.plist;
				LD_RUNPATH_SEARCH_PATHS = (
					"$(inherited)",
					"@executable_path/Frameworks",
				);
				PRODUCT_BUNDLE_IDENTIFIER = com.nathaliamelare.NajupAR;
				PRODUCT_NAME = "$(TARGET_NAME)";
				SWIFT_VERSION = 5.0;
				TARGETED_DEVICE_FAMILY = "1,2";
			};
			name = Release;
		};
/* End XCBuildConfiguration section */

/* Begin XCConfigurationList section */
		6F2A56F123F5E3C70032EFF9 /* Build configuration list for PBXProject "NajupAR" */ = {
			isa = XCConfigurationList;
			buildConfigurations = (
				6F2A570823F5E3CD0032EFF9 /* Debug */,
				6F2A570923F5E3CD0032EFF9 /* Release */,
			);
			defaultConfigurationIsVisible = 0;
			defaultConfigurationName = Release;
		};
		6F2A570A23F5E3CD0032EFF9 /* Build configuration list for PBXNativeTarget "NajupAR" */ = {
			isa = XCConfigurationList;
			buildConfigurations = (
				6F2A570B23F5E3CD0032EFF9 /* Debug */,
				6F2A570C23F5E3CD0032EFF9 /* Release */,
			);
			defaultConfigurationIsVisible = 0;
			defaultConfigurationName = Release;
		};
/* End XCConfigurationList section */
	};
	rootObject = 6F2A56EE23F5E3C70032EFF9 /* Project object */;
}
